// !$*UTF8*$!
{
	archiveVersion = 1;
	classes = {
	};
	objectVersion = 46;
	objects = {

/* Begin PBXBuildFile section */
		5B0B72EA1E53406400923567 /* AppDelegate.swift in Sources */ = {isa = PBXBuildFile; fileRef = 5B0B72E91E53406400923567 /* AppDelegate.swift */; };
		5B0B72EC1E53406400923567 /* ViewController.swift in Sources */ = {isa = PBXBuildFile; fileRef = 5B0B72EB1E53406400923567 /* ViewController.swift */; };
		5B0B72EF1E53406400923567 /* Main.storyboard in Resources */ = {isa = PBXBuildFile; fileRef = 5B0B72ED1E53406400923567 /* Main.storyboard */; };
		5B0B72F11E53406400923567 /* Assets.xcassets in Resources */ = {isa = PBXBuildFile; fileRef = 5B0B72F01E53406400923567 /* Assets.xcassets */; };
		5B0B72F41E53406400923567 /* LaunchScreen.storyboard in Resources */ = {isa = PBXBuildFile; fileRef = 5B0B72F21E53406400923567 /* LaunchScreen.storyboard */; };
		5B0B72FD1E53459800923567 /* MainViewController.swift in Sources */ = {isa = PBXBuildFile; fileRef = 5B0B72FB1E53459800923567 /* MainViewController.swift */; };
		5B0B72FE1E53459800923567 /* MainViewController.xib in Resources */ = {isa = PBXBuildFile; fileRef = 5B0B72FC1E53459800923567 /* MainViewController.xib */; };
		5B0B73011E53471500923567 /* PeripheralTableViewCell.swift in Sources */ = {isa = PBXBuildFile; fileRef = 5B0B72FF1E53471500923567 /* PeripheralTableViewCell.swift */; };
		5B0B73021E53471500923567 /* PeripheralTableViewCell.xib in Resources */ = {isa = PBXBuildFile; fileRef = 5B0B73001E53471500923567 /* PeripheralTableViewCell.xib */; };
		D770892A1E53FB7000594151 /* PeripheralViewController.swift in Sources */ = {isa = PBXBuildFile; fileRef = D77089281E53FB7000594151 /* PeripheralViewController.swift */; };
		D770892B1E53FB7000594151 /* PeripheralViewController.xib in Resources */ = {isa = PBXBuildFile; fileRef = D77089291E53FB7000594151 /* PeripheralViewController.xib */; };
		D770892D1E53FFAF00594151 /* BluetoothTools.swift in Sources */ = {isa = PBXBuildFile; fileRef = D770892C1E53FFAF00594151 /* BluetoothTools.swift */; };
		D77089301E543B7C00594151 /* CharacteristicTableViewCell.swift in Sources */ = {isa = PBXBuildFile; fileRef = D770892E1E543B7C00594151 /* CharacteristicTableViewCell.swift */; };
		D77089311E543B7C00594151 /* CharacteristicTableViewCell.xib in Resources */ = {isa = PBXBuildFile; fileRef = D770892F1E543B7C00594151 /* CharacteristicTableViewCell.xib */; };
/* End PBXBuildFile section */

/* Begin PBXFileReference section */
		5B0B72E61E53406400923567 /* BlueDemo.app */ = {isa = PBXFileReference; explicitFileType = wrapper.application; includeInIndex = 0; path = BlueDemo.app; sourceTree = BUILT_PRODUCTS_DIR; };
		5B0B72E91E53406400923567 /* AppDelegate.swift */ = {isa = PBXFileReference; lastKnownFileType = sourcecode.swift; path = AppDelegate.swift; sourceTree = "<group>"; };
		5B0B72EB1E53406400923567 /* ViewController.swift */ = {isa = PBXFileReference; lastKnownFileType = sourcecode.swift; path = ViewController.swift; sourceTree = "<group>"; };
		5B0B72EE1E53406400923567 /* Base */ = {isa = PBXFileReference; lastKnownFileType = file.storyboard; name = Base; path = Base.lproj/Main.storyboard; sourceTree = "<group>"; };
		5B0B72F01E53406400923567 /* Assets.xcassets */ = {isa = PBXFileReference; lastKnownFileType = folder.assetcatalog; path = Assets.xcassets; sourceTree = "<group>"; };
		5B0B72F31E53406400923567 /* Base */ = {isa = PBXFileReference; lastKnownFileType = file.storyboard; name = Base; path = Base.lproj/LaunchScreen.storyboard; sourceTree = "<group>"; };
		5B0B72F51E53406400923567 /* Info.plist */ = {isa = PBXFileReference; lastKnownFileType = text.plist.xml; path = Info.plist; sourceTree = "<group>"; };
		5B0B72FB1E53459800923567 /* MainViewController.swift */ = {isa = PBXFileReference; fileEncoding = 4; lastKnownFileType = sourcecode.swift; path = MainViewController.swift; sourceTree = "<group>"; };
		5B0B72FC1E53459800923567 /* MainViewController.xib */ = {isa = PBXFileReference; fileEncoding = 4; lastKnownFileType = file.xib; path = MainViewController.xib; sourceTree = "<group>"; };
		5B0B72FF1E53471500923567 /* PeripheralTableViewCell.swift */ = {isa = PBXFileReference; fileEncoding = 4; lastKnownFileType = sourcecode.swift; path = PeripheralTableViewCell.swift; sourceTree = "<group>"; };
		5B0B73001E53471500923567 /* PeripheralTableViewCell.xib */ = {isa = PBXFileReference; fileEncoding = 4; lastKnownFileType = file.xib; path = PeripheralTableViewCell.xib; sourceTree = "<group>"; };
		D77089281E53FB7000594151 /* PeripheralViewController.swift */ = {isa = PBXFileReference; fileEncoding = 4; lastKnownFileType = sourcecode.swift; path = PeripheralViewController.swift; sourceTree = "<group>"; };
		D77089291E53FB7000594151 /* PeripheralViewController.xib */ = {isa = PBXFileReference; fileEncoding = 4; lastKnownFileType = file.xib; path = PeripheralViewController.xib; sourceTree = "<group>"; };
		D770892C1E53FFAF00594151 /* BluetoothTools.swift */ = {isa = PBXFileReference; fileEncoding = 4; lastKnownFileType = sourcecode.swift; path = BluetoothTools.swift; sourceTree = "<group>"; };
		D770892E1E543B7C00594151 /* CharacteristicTableViewCell.swift */ = {isa = PBXFileReference; fileEncoding = 4; lastKnownFileType = sourcecode.swift; path = CharacteristicTableViewCell.swift; sourceTree = "<group>"; };
		D770892F1E543B7C00594151 /* CharacteristicTableViewCell.xib */ = {isa = PBXFileReference; fileEncoding = 4; lastKnownFileType = file.xib; path = CharacteristicTableViewCell.xib; sourceTree = "<group>"; };
/* End PBXFileReference section */

/* Begin PBXFrameworksBuildPhase section */
		5B0B72E31E53406400923567 /* Frameworks */ = {
			isa = PBXFrameworksBuildPhase;
			buildActionMask = 2147483647;
			files = (
			);
			runOnlyForDeploymentPostprocessing = 0;
		};
/* End PBXFrameworksBuildPhase section */

/* Begin PBXGroup section */
		5B0B72DD1E53406400923567 = {
			isa = PBXGroup;
			children = (
				5B0B72E81E53406400923567 /* BlueDemo */,
				5B0B72E71E53406400923567 /* Products */,
			);
			sourceTree = "<group>";
		};
		5B0B72E71E53406400923567 /* Products */ = {
			isa = PBXGroup;
			children = (
				5B0B72E61E53406400923567 /* BlueDemo.app */,
			);
			name = Products;
			sourceTree = "<group>";
		};
		5B0B72E81E53406400923567 /* BlueDemo */ = {
			isa = PBXGroup;
			children = (
				5B0B72E91E53406400923567 /* AppDelegate.swift */,
				5B0B72EB1E53406400923567 /* ViewController.swift */,
				D770892C1E53FFAF00594151 /* BluetoothTools.swift */,
				5B0B72FF1E53471500923567 /* PeripheralTableViewCell.swift */,
				5B0B73001E53471500923567 /* PeripheralTableViewCell.xib */,
				5B0B72FB1E53459800923567 /* MainViewController.swift */,
				5B0B72FC1E53459800923567 /* MainViewController.xib */,
				D77089281E53FB7000594151 /* PeripheralViewController.swift */,
				D77089291E53FB7000594151 /* PeripheralViewController.xib */,
				D770892E1E543B7C00594151 /* CharacteristicTableViewCell.swift */,
				D770892F1E543B7C00594151 /* CharacteristicTableViewCell.xib */,
				5B0B72F01E53406400923567 /* Assets.xcassets */,
				5B0B72ED1E53406400923567 /* Main.storyboard */,
				5B0B72F21E53406400923567 /* LaunchScreen.storyboard */,
				5B0B72F51E53406400923567 /* Info.plist */,
			);
			path = BlueDemo;
			sourceTree = "<group>";
		};
/* End PBXGroup section */

/* Begin PBXNativeTarget section */
		5B0B72E51E53406400923567 /* BlueDemo */ = {
			isa = PBXNativeTarget;
			buildConfigurationList = 5B0B72F81E53406400923567 /* Build configuration list for PBXNativeTarget "BlueDemo" */;
			buildPhases = (
				5B0B72E21E53406400923567 /* Sources */,
				5B0B72E31E53406400923567 /* Frameworks */,
				5B0B72E41E53406400923567 /* Resources */,
			);
			buildRules = (
			);
			dependencies = (
			);
			name = BlueDemo;
			productName = BlueDemo;
			productReference = 5B0B72E61E53406400923567 /* BlueDemo.app */;
			productType = "com.apple.product-type.application";
		};
/* End PBXNativeTarget section */

/* Begin PBXProject section */
		5B0B72DE1E53406400923567 /* Project object */ = {
			isa = PBXProject;
			attributes = {
				LastSwiftUpdateCheck = 0820;
				LastUpgradeCheck = 0820;
				ORGANIZATIONNAME = Chensh;
				TargetAttributes = {
					5B0B72E51E53406400923567 = {
						CreatedOnToolsVersion = 8.2.1;
						DevelopmentTeam = P68334AC4C;
						ProvisioningStyle = Manual;
					};
				};
			};
			buildConfigurationList = 5B0B72E11E53406400923567 /* Build configuration list for PBXProject "BlueDemo" */;
			compatibilityVersion = "Xcode 3.2";
			developmentRegion = English;
			hasScannedForEncodings = 0;
			knownRegions = (
				en,
				Base,
			);
			mainGroup = 5B0B72DD1E53406400923567;
			productRefGroup = 5B0B72E71E53406400923567 /* Products */;
			projectDirPath = "";
			projectRoot = "";
			targets = (
				5B0B72E51E53406400923567 /* BlueDemo */,
			);
		};
/* End PBXProject section */

/* Begin PBXResourcesBuildPhase section */
		5B0B72E41E53406400923567 /* Resources */ = {
			isa = PBXResourcesBuildPhase;
			buildActionMask = 2147483647;
			files = (
				5B0B72F41E53406400923567 /* LaunchScreen.storyboard in Resources */,
				5B0B73021E53471500923567 /* PeripheralTableViewCell.xib in Resources */,
				D770892B1E53FB7000594151 /* PeripheralViewController.xib in Resources */,
				5B0B72F11E53406400923567 /* Assets.xcassets in Resources */,
				5B0B72EF1E53406400923567 /* Main.storyboard in Resources */,
				5B0B72FE1E53459800923567 /* MainViewController.xib in Resources */,
				D77089311E543B7C00594151 /* CharacteristicTableViewCell.xib in Resources */,
			);
			runOnlyForDeploymentPostprocessing = 0;
		};
/* End PBXResourcesBuildPhase section */

/* Begin PBXSourcesBuildPhase section */
		5B0B72E21E53406400923567 /* Sources */ = {
			isa = PBXSourcesBuildPhase;
			buildActionMask = 2147483647;
			files = (
				D770892A1E53FB7000594151 /* PeripheralViewController.swift in Sources */,
				5B0B72FD1E53459800923567 /* MainViewController.swift in Sources */,
				5B0B72EC1E53406400923567 /* ViewController.swift in Sources */,
				D77089301E543B7C00594151 /* CharacteristicTableViewCell.swift in Sources */,
				5B0B72EA1E53406400923567 /* AppDelegate.swift in Sources */,
				D770892D1E53FFAF00594151 /* BluetoothTools.swift in Sources */,
				5B0B73011E53471500923567 /* PeripheralTableViewCell.swift in Sources */,
			);
			runOnlyForDeploymentPostprocessing = 0;
		};
/* End PBXSourcesBuildPhase section */

/* Begin PBXVariantGroup section */
		5B0B72ED1E53406400923567 /* Main.storyboard */ = {
			isa = PBXVariantGroup;
			children = (
				5B0B72EE1E53406400923567 /* Base */,
			);
			name = Main.storyboard;
			sourceTree = "<group>";
		};
		5B0B72F21E53406400923567 /* LaunchScreen.storyboard */ = {
			isa = PBXVariantGroup;
			children = (
				5B0B72F31E53406400923567 /* Base */,
			);
			name = LaunchScreen.storyboard;
			sourceTree = "<group>";
		};
/* End PBXVariantGroup section */

/* Begin XCBuildConfiguration section */
		5B0B72F61E53406400923567 /* Debug */ = {
			isa = XCBuildConfiguration;
			buildSettings = {
				ALWAYS_SEARCH_USER_PATHS = NO;
				CLANG_ANALYZER_NONNULL = YES;
				CLANG_CXX_LANGUAGE_STANDARD = "gnu++0x";
				CLANG_CXX_LIBRARY = "libc++";
				CLANG_ENABLE_MODULES = YES;
				CLANG_ENABLE_OBJC_ARC = YES;
				CLANG_WARN_BOOL_CONVERSION = YES;
				CLANG_WARN_CONSTANT_CONVERSION = YES;
				CLANG_WARN_DIRECT_OBJC_ISA_USAGE = YES_ERROR;
				CLANG_WARN_DOCUMENTATION_COMMENTS = YES;
				CLANG_WARN_EMPTY_BODY = YES;
				CLANG_WARN_ENUM_CONVERSION = YES;
				CLANG_WARN_INFINITE_RECURSION = YES;
				CLANG_WARN_INT_CONVERSION = YES;
				CLANG_WARN_OBJC_ROOT_CLASS = YES_ERROR;
				CLANG_WARN_SUSPICIOUS_MOVE = YES;
				CLANG_WARN_UNREACHABLE_CODE = YES;
				CLANG_WARN__DUPLICATE_METHOD_MATCH = YES;
				"CODE_SIGN_IDENTITY[sdk=iphoneos*]" = "iPhone Developer";
				COPY_PHASE_STRIP = NO;
				DEBUG_INFORMATION_FORMAT = dwarf;
				ENABLE_STRICT_OBJC_MSGSEND = YES;
				ENABLE_TESTABILITY = YES;
				GCC_C_LANGUAGE_STANDARD = gnu99;
				GCC_DYNAMIC_NO_PIC = NO;
				GCC_NO_COMMON_BLOCKS = YES;
				GCC_OPTIMIZATION_LEVEL = 0;
				GCC_PREPROCESSOR_DEFINITIONS = (
					"DEBUG=1",
					"$(inherited)",
				);
				GCC_WARN_64_TO_32_BIT_CONVERSION = YES;
				GCC_WARN_ABOUT_RETURN_TYPE = YES_ERROR;
				GCC_WARN_UNDECLARED_SELECTOR = YES;
				GCC_WARN_UNINITIALIZED_AUTOS = YES_AGGRESSIVE;
				GCC_WARN_UNUSED_FUNCTION = YES;
				GCC_WARN_UNUSED_VARIABLE = YES;
				IPHONEOS_DEPLOYMENT_TARGET = 8.0;
				MTL_ENABLE_DEBUG_INFO = YES;
				ONLY_ACTIVE_ARCH = YES;
				SDKROOT = iphoneos;
				SWIFT_ACTIVE_COMPILATION_CONDITIONS = DEBUG;
				SWIFT_OPTIMIZATION_LEVEL = "-Onone";
			};
			name = Debug;
		};
		5B0B72F71E53406400923567 /* Release */ = {
			isa = XCBuildConfiguration;
			buildSettings = {
				ALWAYS_SEARCH_USER_PATHS = NO;
				CLANG_ANALYZER_NONNULL = YES;
				CLANG_CXX_LANGUAGE_STANDARD = "gnu++0x";
				CLANG_CXX_LIBRARY = "libc++";
				CLANG_ENABLE_MODULES = YES;
				CLANG_ENABLE_OBJC_ARC = YES;
				CLANG_WARN_BOOL_CONVERSION = YES;
				CLANG_WARN_CONSTANT_CONVERSION = YES;
				CLANG_WARN_DIRECT_OBJC_ISA_USAGE = YES_ERROR;
				CLANG_WARN_DOCUMENTATION_COMMENTS = YES;
				CLANG_WARN_EMPTY_BODY = YES;
				CLANG_WARN_ENUM_CONVERSION = YES;
				CLANG_WARN_INFINITE_RECURSION = YES;
				CLANG_WARN_INT_CONVERSION = YES;
				CLANG_WARN_OBJC_ROOT_CLASS = YES_ERROR;
				CLANG_WARN_SUSPICIOUS_MOVE = YES;
				CLANG_WARN_UNREACHABLE_CODE = YES;
				CLANG_WARN__DUPLICATE_METHOD_MATCH = YES;
				"CODE_SIGN_IDENTITY[sdk=iphoneos*]" = "iPhone Developer";
				COPY_PHASE_STRIP = NO;
				DEBUG_INFORMATION_FORMAT = "dwarf-with-dsym";
				ENABLE_NS_ASSERTIONS = NO;
				ENABLE_STRICT_OBJC_MSGSEND = YES;
				GCC_C_LANGUAGE_STANDARD = gnu99;
				GCC_NO_COMMON_BLOCKS = YES;
				GCC_WARN_64_TO_32_BIT_CONVERSION = YES;
				GCC_WARN_ABOUT_RETURN_TYPE = YES_ERROR;
				GCC_WARN_UNDECLARED_SELECTOR = YES;
				GCC_WARN_UNINITIALIZED_AUTOS = YES_AGGRESSIVE;
				GCC_WARN_UNUSED_FUNCTION = YES;
				GCC_WARN_UNUSED_VARIABLE = YES;
				IPHONEOS_DEPLOYMENT_TARGET = 8.0;
				MTL_ENABLE_DEBUG_INFO = NO;
				SDKROOT = iphoneos;
				SWIFT_OPTIMIZATION_LEVEL = "-Owholemodule";
				VALIDATE_PRODUCT = YES;
			};
			name = Release;
		};
		5B0B72F91E53406400923567 /* Debug */ = {
			isa = XCBuildConfiguration;
			buildSettings = {
				ASSETCATALOG_COMPILER_APPICON_NAME = AppIcon;
				DEVELOPMENT_TEAM = P68334AC4C;
				INFOPLIST_FILE = BlueDemo/Info.plist;
				LD_RUNPATH_SEARCH_PATHS = "$(inherited) @executable_path/Frameworks";
				PRODUCT_BUNDLE_IDENTIFIER = com.yate.BlueDemo;
				PRODUCT_NAME = "$(TARGET_NAME)";
				PROVISIONING_PROFILE = "9587efed-85b6-4f08-b131-8ea55eda9a27";
				PROVISIONING_PROFILE_SPECIFIER = dev_wildcard;
				SWIFT_VERSION = 3.0;
			};
			name = Debug;
		};
		5B0B72FA1E53406400923567 /* Release */ = {
			isa = XCBuildConfiguration;
			buildSettings = {
				ASSETCATALOG_COMPILER_APPICON_NAME = AppIcon;
				DEVELOPMENT_TEAM = P68334AC4C;
				INFOPLIST_FILE = BlueDemo/Info.plist;
				LD_RUNPATH_SEARCH_PATHS = "$(inherited) @executable_path/Frameworks";
				PRODUCT_BUNDLE_IDENTIFIER = com.yate.BlueDemo;
				PRODUCT_NAME = "$(TARGET_NAME)";
				PROVISIONING_PROFILE = "9587efed-85b6-4f08-b131-8ea55eda9a27";
				PROVISIONING_PROFILE_SPECIFIER = dev_wildcard;
				SWIFT_VERSION = 3.0;
			};
			name = Release;
		};
/* End XCBuildConfiguration section */

/* Begin XCConfigurationList section */
		5B0B72E11E53406400923567 /* Build configuration list for PBXProject "BlueDemo" */ = {
			isa = XCConfigurationList;
			buildConfigurations = (
				5B0B72F61E53406400923567 /* Debug */,
				5B0B72F71E53406400923567 /* Release */,
			);
			defaultConfigurationIsVisible = 0;
			defaultConfigurationName = Release;
		};
		5B0B72F81E53406400923567 /* Build configuration list for PBXNativeTarget "BlueDemo" */ = {
			isa = XCConfigurationList;
			buildConfigurations = (
				5B0B72F91E53406400923567 /* Debug */,
				5B0B72FA1E53406400923567 /* Release */,
			);
			defaultConfigurationIsVisible = 0;
			defaultConfigurationName = Release;
		};
/* End XCConfigurationList section */
	};
	rootObject = 5B0B72DE1E53406400923567 /* Project object */;
}
